
Microsoft Visual Studio Solution File, Format Version 12.00
# Visual Studio Version 16
VisualStudioVersion = 16.0.31005.135
MinimumVisualStudioVersion = 10.0.40219.1
Project("{FAE04EC0-301F-11D3-BF4B-00C04F79EFBC}") = "SonglistAPI", "SonglistAPI.csproj", "{6AC0DC95-3FF0-4491-A53F-20F6A979CFF8}"
EndProject
Global
	GlobalSection(SolutionConfigurationPlatforms) = preSolution
		Debug|Any CPU = Debug|Any CPU
		Release|Any CPU = Release|Any CPU
	EndGlobalSection
	GlobalSection(ProjectConfigurationPlatforms) = postSolution
		{6AC0DC95-3FF0-4491-A53F-20F6A979CFF8}.Debug|Any CPU.ActiveCfg = Debug|Any CPU
		{6AC0DC95-3FF0-4491-A53F-20F6A979CFF8}.Debug|Any CPU.Build.0 = Debug|Any CPU
		{6AC0DC95-3FF0-4491-A53F-20F6A979CFF8}.Release|Any CPU.ActiveCfg = Release|Any CPU
		{6AC0DC95-3FF0-4491-A53F-20F6A979CFF8}.Release|Any CPU.Build.0 = Release|Any CPU
	EndGlobalSection
	GlobalSection(SolutionProperties) = preSolution
		HideSolutionNode = FALSE
	EndGlobalSection
	GlobalSection(ExtensibilityGlobals) = postSolution
		SolutionGuid = {A56CB066-40AB-4B7C-9FD1-2FE5695F51AC}
	EndGlobalSection
EndGlobal
